
Microsoft Visual Studio Solution File, Format Version 12.00
# Visual Studio Version 17
VisualStudioVersion = 17.3.32825.248
MinimumVisualStudioVersion = 10.0.40219.1
Project("{FAE04EC0-301F-11D3-BF4B-00C04F79EFBC}") = "GameServer", "GameServer.csproj", "{33021238-5713-456A-9FA8-C4E1CF9902BE}"
EndProject
Global
	GlobalSection(SolutionConfigurationPlatforms) = preSolution
		Debug|Any CPU = Debug|Any CPU
		Release|Any CPU = Release|Any CPU
	EndGlobalSection
	GlobalSection(ProjectConfigurationPlatforms) = postSolution
		{33021238-5713-456A-9FA8-C4E1CF9902BE}.Debug|Any CPU.ActiveCfg = Debug|Any CPU
		{33021238-5713-456A-9FA8-C4E1CF9902BE}.Debug|Any CPU.Build.0 = Debug|Any CPU
		{33021238-5713-456A-9FA8-C4E1CF9902BE}.Release|Any CPU.ActiveCfg = Release|Any CPU
		{33021238-5713-456A-9FA8-C4E1CF9902BE}.Release|Any CPU.Build.0 = Release|Any CPU
	EndGlobalSection
	GlobalSection(SolutionProperties) = preSolution
		HideSolutionNode = FALSE
	EndGlobalSection
	GlobalSection(ExtensibilityGlobals) = postSolution
		SolutionGuid = {1061479E-B071-4B20-8A5E-5B0D24B38581}
	EndGlobalSection
EndGlobal
